// !$*UTF8*$!
{
	archiveVersion = 1;
	classes = {
	};
	objectVersion = 48;
	objects = {

/* Begin PBXBuildFile section */
		AF2D9C7C1FED61E9001307A3 /* QuestionsBank.swift in Sources */ = {isa = PBXBuildFile; fileRef = AF2D9C7B1FED61E9001307A3 /* QuestionsBank.swift */; };
		AF420D701FEDE3600037CC9F /* ProgressHUD.m in Sources */ = {isa = PBXBuildFile; fileRef = AF420D6E1FEDE3600037CC9F /* ProgressHUD.m */; };
		AF420D711FEDE3600037CC9F /* ProgressHUD.bundle in Resources */ = {isa = PBXBuildFile; fileRef = AF420D6F1FEDE3600037CC9F /* ProgressHUD.bundle */; };
		AF5ACE521FED27B100CEB121 /* AppDelegate.swift in Sources */ = {isa = PBXBuildFile; fileRef = AF5ACE511FED27B100CEB121 /* AppDelegate.swift */; };
		AF5ACE541FED27B100CEB121 /* MainVC.swift in Sources */ = {isa = PBXBuildFile; fileRef = AF5ACE531FED27B100CEB121 /* MainVC.swift */; };
		AF5ACE571FED27B100CEB121 /* Main.storyboard in Resources */ = {isa = PBXBuildFile; fileRef = AF5ACE551FED27B100CEB121 /* Main.storyboard */; };
		AF5ACE591FED27B100CEB121 /* Assets.xcassets in Resources */ = {isa = PBXBuildFile; fileRef = AF5ACE581FED27B100CEB121 /* Assets.xcassets */; };
		AF5ACE5C1FED27B100CEB121 /* LaunchScreen.storyboard in Resources */ = {isa = PBXBuildFile; fileRef = AF5ACE5A1FED27B100CEB121 /* LaunchScreen.storyboard */; };
		AF5F70471FED40CC00D9C517 /* Constaints.swift in Sources */ = {isa = PBXBuildFile; fileRef = AF5F70461FED40CC00D9C517 /* Constaints.swift */; };
/* End PBXBuildFile section */

/* Begin PBXFileReference section */
		AF2D9C7B1FED61E9001307A3 /* QuestionsBank.swift */ = {isa = PBXFileReference; lastKnownFileType = sourcecode.swift; path = QuestionsBank.swift; sourceTree = "<group>"; };
		AF420D6C1FEDE35F0037CC9F /* quizzQ-Bridging-Header.h */ = {isa = PBXFileReference; lastKnownFileType = sourcecode.c.h; path = "quizzQ-Bridging-Header.h"; sourceTree = "<group>"; };
		AF420D6D1FEDE3600037CC9F /* ProgressHUD.h */ = {isa = PBXFileReference; fileEncoding = 4; lastKnownFileType = sourcecode.c.h; path = ProgressHUD.h; sourceTree = "<group>"; };
		AF420D6E1FEDE3600037CC9F /* ProgressHUD.m */ = {isa = PBXFileReference; fileEncoding = 4; lastKnownFileType = sourcecode.c.objc; path = ProgressHUD.m; sourceTree = "<group>"; };
		AF420D6F1FEDE3600037CC9F /* ProgressHUD.bundle */ = {isa = PBXFileReference; lastKnownFileType = "wrapper.plug-in"; path = ProgressHUD.bundle; sourceTree = "<group>"; };
		AF5ACE4E1FED27B100CEB121 /* quizzQ.app */ = {isa = PBXFileReference; explicitFileType = wrapper.application; includeInIndex = 0; path = quizzQ.app; sourceTree = BUILT_PRODUCTS_DIR; };
		AF5ACE511FED27B100CEB121 /* AppDelegate.swift */ = {isa = PBXFileReference; lastKnownFileType = sourcecode.swift; path = AppDelegate.swift; sourceTree = "<group>"; };
		AF5ACE531FED27B100CEB121 /* MainVC.swift */ = {isa = PBXFileReference; lastKnownFileType = sourcecode.swift; path = MainVC.swift; sourceTree = "<group>"; };
		AF5ACE561FED27B100CEB121 /* Base */ = {isa = PBXFileReference; lastKnownFileType = file.storyboard; name = Base; path = Base.lproj/Main.storyboard; sourceTree = "<group>"; };
		AF5ACE581FED27B100CEB121 /* Assets.xcassets */ = {isa = PBXFileReference; lastKnownFileType = folder.assetcatalog; path = Assets.xcassets; sourceTree = "<group>"; };
		AF5ACE5B1FED27B100CEB121 /* Base */ = {isa = PBXFileReference; lastKnownFileType = file.storyboard; name = Base; path = Base.lproj/LaunchScreen.storyboard; sourceTree = "<group>"; };
		AF5ACE5D1FED27B100CEB121 /* Info.plist */ = {isa = PBXFileReference; lastKnownFileType = text.plist.xml; path = Info.plist; sourceTree = "<group>"; };
		AF5F70461FED40CC00D9C517 /* Constaints.swift */ = {isa = PBXFileReference; lastKnownFileType = sourcecode.swift; path = Constaints.swift; sourceTree = "<group>"; };
/* End PBXFileReference section */

/* Begin PBXFrameworksBuildPhase section */
		AF5ACE4B1FED27B100CEB121 /* Frameworks */ = {
			isa = PBXFrameworksBuildPhase;
			buildActionMask = 2147483647;
			files = (
			);
			runOnlyForDeploymentPostprocessing = 0;
		};
/* End PBXFrameworksBuildPhase section */

/* Begin PBXGroup section */
		AF5ACE451FED27B100CEB121 = {
			isa = PBXGroup;
			children = (
				AF5ACE501FED27B100CEB121 /* quizzQ */,
				AF5ACE4F1FED27B100CEB121 /* Products */,
			);
			sourceTree = "<group>";
		};
		AF5ACE4F1FED27B100CEB121 /* Products */ = {
			isa = PBXGroup;
			children = (
				AF5ACE4E1FED27B100CEB121 /* quizzQ.app */,
			);
			name = Products;
			sourceTree = "<group>";
		};
		AF5ACE501FED27B100CEB121 /* quizzQ */ = {
			isa = PBXGroup;
			children = (
				AF5ACE511FED27B100CEB121 /* AppDelegate.swift */,
				AF5ACE531FED27B100CEB121 /* MainVC.swift */,
				AF5ACE551FED27B100CEB121 /* Main.storyboard */,
				AF5ACE581FED27B100CEB121 /* Assets.xcassets */,
				AF5ACE5A1FED27B100CEB121 /* LaunchScreen.storyboard */,
				AF5F70461FED40CC00D9C517 /* Constaints.swift */,
				AF2D9C7B1FED61E9001307A3 /* QuestionsBank.swift */,
				AF5ACE5D1FED27B100CEB121 /* Info.plist */,
				AF420D6F1FEDE3600037CC9F /* ProgressHUD.bundle */,
				AF420D6D1FEDE3600037CC9F /* ProgressHUD.h */,
				AF420D6E1FEDE3600037CC9F /* ProgressHUD.m */,
				AF420D6C1FEDE35F0037CC9F /* quizzQ-Bridging-Header.h */,
			);
			path = quizzQ;
			sourceTree = "<group>";
		};
/* End PBXGroup section */

/* Begin PBXNativeTarget section */
		AF5ACE4D1FED27B100CEB121 /* quizzQ */ = {
			isa = PBXNativeTarget;
			buildConfigurationList = AF5ACE601FED27B100CEB121 /* Build configuration list for PBXNativeTarget "quizzQ" */;
			buildPhases = (
				AF5ACE4A1FED27B100CEB121 /* Sources */,
				AF5ACE4B1FED27B100CEB121 /* Frameworks */,
				AF5ACE4C1FED27B100CEB121 /* Resources */,
			);
			buildRules = (
			);
			dependencies = (
			);
			name = quizzQ;
			productName = quizzQ;
			productReference = AF5ACE4E1FED27B100CEB121 /* quizzQ.app */;
			productType = "com.apple.product-type.application";
		};
/* End PBXNativeTarget section */

/* Begin PBXProject section */
		AF5ACE461FED27B100CEB121 /* Project object */ = {
			isa = PBXProject;
			attributes = {
				LastSwiftUpdateCheck = 0910;
				LastUpgradeCheck = 0910;
				ORGANIZATIONNAME = "sedeek Reda";
				TargetAttributes = {
					AF5ACE4D1FED27B100CEB121 = {
						CreatedOnToolsVersion = 9.1;
						LastSwiftMigration = 0910;
						ProvisioningStyle = Automatic;
					};
				};
			};
			buildConfigurationList = AF5ACE491FED27B100CEB121 /* Build configuration list for PBXProject "quizzQ" */;
			compatibilityVersion = "Xcode 8.0";
			developmentRegion = en;
			hasScannedForEncodings = 0;
			knownRegions = (
				en,
				Base,
			);
			mainGroup = AF5ACE451FED27B100CEB121;
			productRefGroup = AF5ACE4F1FED27B100CEB121 /* Products */;
			projectDirPath = "";
			projectRoot = "";
			targets = (
				AF5ACE4D1FED27B100CEB121 /* quizzQ */,
			);
		};
/* End PBXProject section */

/* Begin PBXResourcesBuildPhase section */
		AF5ACE4C1FED27B100CEB121 /* Resources */ = {
			isa = PBXResourcesBuildPhase;
			buildActionMask = 2147483647;
			files = (
				AF420D711FEDE3600037CC9F /* ProgressHUD.bundle in Resources */,
				AF5ACE5C1FED27B100CEB121 /* LaunchScreen.storyboard in Resources */,
				AF5ACE591FED27B100CEB121 /* Assets.xcassets in Resources */,
				AF5ACE571FED27B100CEB121 /* Main.storyboard in Resources */,
			);
			runOnlyForDeploymentPostprocessing = 0;
		};
/* End PBXResourcesBuildPhase section */

/* Begin PBXSourcesBuildPhase section */
		AF5ACE4A1FED27B100CEB121 /* Sources */ = {
			isa = PBXSourcesBuildPhase;
			buildActionMask = 2147483647;
			files = (
				AF5F70471FED40CC00D9C517 /* Constaints.swift in Sources */,
				AF5ACE541FED27B100CEB121 /* MainVC.swift in Sources */,
				AF420D701FEDE3600037CC9F /* ProgressHUD.m in Sources */,
				AF5ACE521FED27B100CEB121 /* AppDelegate.swift in Sources */,
				AF2D9C7C1FED61E9001307A3 /* QuestionsBank.swift in Sources */,
			);
			runOnlyForDeploymentPostprocessing = 0;
		};
/* End PBXSourcesBuildPhase section */

/* Begin PBXVariantGroup section */
		AF5ACE551FED27B100CEB121 /* Main.storyboard */ = {
			isa = PBXVariantGroup;
			children = (
				AF5ACE561FED27B100CEB121 /* Base */,
			);
			name = Main.storyboard;
			sourceTree = "<group>";
		};
		AF5ACE5A1FED27B100CEB121 /* LaunchScreen.storyboard */ = {
			isa = PBXVariantGroup;
			children = (
				AF5ACE5B1FED27B100CEB121 /* Base */,
			);
			name = LaunchScreen.storyboard;
			sourceTree = "<group>";
		};
/* End PBXVariantGroup section */

/* Begin XCBuildConfiguration section */
		AF5ACE5E1FED27B100CEB121 /* Debug */ = {
			isa = XCBuildConfiguration;
			buildSettings = {
				ALWAYS_SEARCH_USER_PATHS = NO;
				CLANG_ANALYZER_NONNULL = YES;
				CLANG_ANALYZER_NUMBER_OBJECT_CONVERSION = YES_AGGRESSIVE;
				CLANG_CXX_LANGUAGE_STANDARD = "gnu++14";
				CLANG_CXX_LIBRARY = "libc++";
				CLANG_ENABLE_MODULES = YES;
				CLANG_ENABLE_OBJC_ARC = YES;
				CLANG_WARN_BLOCK_CAPTURE_AUTORELEASING = YES;
				CLANG_WARN_BOOL_CONVERSION = YES;
				CLANG_WARN_COMMA = YES;
				CLANG_WARN_CONSTANT_CONVERSION = YES;
				CLANG_WARN_DIRECT_OBJC_ISA_USAGE = YES_ERROR;
				CLANG_WARN_DOCUMENTATION_COMMENTS = YES;
				CLANG_WARN_EMPTY_BODY = YES;
				CLANG_WARN_ENUM_CONVERSION = YES;
				CLANG_WARN_INFINITE_RECURSION = YES;
				CLANG_WARN_INT_CONVERSION = YES;
				CLANG_WARN_NON_LITERAL_NULL_CONVERSION = YES;
				CLANG_WARN_OBJC_LITERAL_CONVERSION = YES;
				CLANG_WARN_OBJC_ROOT_CLASS = YES_ERROR;
				CLANG_WARN_RANGE_LOOP_ANALYSIS = YES;
				CLANG_WARN_STRICT_PROTOTYPES = YES;
				CLANG_WARN_SUSPICIOUS_MOVE = YES;
				CLANG_WARN_UNGUARDED_AVAILABILITY = YES_AGGRESSIVE;
				CLANG_WARN_UNREACHABLE_CODE = YES;
				CLANG_WARN__DUPLICATE_METHOD_MATCH = YES;
				CODE_SIGN_IDENTITY = "iPhone Developer";
				COPY_PHASE_STRIP = NO;
				DEBUG_INFORMATION_FORMAT = dwarf;
				ENABLE_STRICT_OBJC_MSGSEND = YES;
				ENABLE_TESTABILITY = YES;
				GCC_C_LANGUAGE_STANDARD = gnu11;
				GCC_DYNAMIC_NO_PIC = NO;
				GCC_NO_COMMON_BLOCKS = YES;
				GCC_OPTIMIZATION_LEVEL = 0;
				GCC_PREPROCESSOR_DEFINITIONS = (
					"DEBUG=1",
					"$(inherited)",
				);
				GCC_WARN_64_TO_32_BIT_CONVERSION = YES;
				GCC_WARN_ABOUT_RETURN_TYPE = YES_ERROR;
				GCC_WARN_UNDECLARED_SELECTOR = YES;
				GCC_WARN_UNINITIALIZED_AUTOS = YES_AGGRESSIVE;
				GCC_WARN_UNUSED_FUNCTION = YES;
				GCC_WARN_UNUSED_VARIABLE = YES;
				IPHONEOS_DEPLOYMENT_TARGET = 11.1;
				MTL_ENABLE_DEBUG_INFO = YES;
				ONLY_ACTIVE_ARCH = YES;
				SDKROOT = iphoneos;
				SWIFT_ACTIVE_COMPILATION_CONDITIONS = DEBUG;
				SWIFT_OPTIMIZATION_LEVEL = "-Onone";
			};
			name = Debug;
		};
		AF5ACE5F1FED27B100CEB121 /* Release */ = {
			isa = XCBuildConfiguration;
			buildSettings = {
				ALWAYS_SEARCH_USER_PATHS = NO;
				CLANG_ANALYZER_NONNULL = YES;
				CLANG_ANALYZER_NUMBER_OBJECT_CONVERSION = YES_AGGRESSIVE;
				CLANG_CXX_LANGUAGE_STANDARD = "gnu++14";
				CLANG_CXX_LIBRARY = "libc++";
				CLANG_ENABLE_MODULES = YES;
				CLANG_ENABLE_OBJC_ARC = YES;
				CLANG_WARN_BLOCK_CAPTURE_AUTORELEASING = YES;
				CLANG_WARN_BOOL_CONVERSION = YES;
				CLANG_WARN_COMMA = YES;
				CLANG_WARN_CONSTANT_CONVERSION = YES;
				CLANG_WARN_DIRECT_OBJC_ISA_USAGE = YES_ERROR;
				CLANG_WARN_DOCUMENTATION_COMMENTS = YES;
				CLANG_WARN_EMPTY_BODY = YES;
				CLANG_WARN_ENUM_CONVERSION = YES;
				CLANG_WARN_INFINITE_RECURSION = YES;
				CLANG_WARN_INT_CONVERSION = YES;
				CLANG_WARN_NON_LITERAL_NULL_CONVERSION = YES;
				CLANG_WARN_OBJC_LITERAL_CONVERSION = YES;
				CLANG_WARN_OBJC_ROOT_CLASS = YES_ERROR;
				CLANG_WARN_RANGE_LOOP_ANALYSIS = YES;
				CLANG_WARN_STRICT_PROTOTYPES = YES;
				CLANG_WARN_SUSPICIOUS_MOVE = YES;
				CLANG_WARN_UNGUARDED_AVAILABILITY = YES_AGGRESSIVE;
				CLANG_WARN_UNREACHABLE_CODE = YES;
				CLANG_WARN__DUPLICATE_METHOD_MATCH = YES;
				CODE_SIGN_IDENTITY = "iPhone Developer";
				COPY_PHASE_STRIP = NO;
				DEBUG_INFORMATION_FORMAT = "dwarf-with-dsym";
				ENABLE_NS_ASSERTIONS = NO;
				ENABLE_STRICT_OBJC_MSGSEND = YES;
				GCC_C_LANGUAGE_STANDARD = gnu11;
				GCC_NO_COMMON_BLOCKS = YES;
				GCC_WARN_64_TO_32_BIT_CONVERSION = YES;
				GCC_WARN_ABOUT_RETURN_TYPE = YES_ERROR;
				GCC_WARN_UNDECLARED_SELECTOR = YES;
				GCC_WARN_UNINITIALIZED_AUTOS = YES_AGGRESSIVE;
				GCC_WARN_UNUSED_FUNCTION = YES;
				GCC_WARN_UNUSED_VARIABLE = YES;
				IPHONEOS_DEPLOYMENT_TARGET = 11.1;
				MTL_ENABLE_DEBUG_INFO = NO;
				SDKROOT = iphoneos;
				SWIFT_OPTIMIZATION_LEVEL = "-Owholemodule";
				VALIDATE_PRODUCT = YES;
			};
			name = Release;
		};
		AF5ACE611FED27B100CEB121 /* Debug */ = {
			isa = XCBuildConfiguration;
			buildSettings = {
				ASSETCATALOG_COMPILER_APPICON_NAME = AppIcon;
				CLANG_ENABLE_MODULES = YES;
				CODE_SIGN_STYLE = Automatic;
				INFOPLIST_FILE = quizzQ/Info.plist;
				LD_RUNPATH_SEARCH_PATHS = "$(inherited) @executable_path/Frameworks";
				PRODUCT_BUNDLE_IDENTIFIER = com.appFish.quizzQ;
				PRODUCT_NAME = "$(TARGET_NAME)";
				SWIFT_OBJC_BRIDGING_HEADER = "quizzQ/quizzQ-Bridging-Header.h";
				SWIFT_OPTIMIZATION_LEVEL = "-Onone";
				SWIFT_VERSION = 4.0;
				TARGETED_DEVICE_FAMILY = "1,2";
			};
			name = Debug;
		};
		AF5ACE621FED27B100CEB121 /* Release */ = {
			isa = XCBuildConfiguration;
			buildSettings = {
				ASSETCATALOG_COMPILER_APPICON_NAME = AppIcon;
				CLANG_ENABLE_MODULES = YES;
				CODE_SIGN_STYLE = Automatic;
				INFOPLIST_FILE = quizzQ/Info.plist;
				LD_RUNPATH_SEARCH_PATHS = "$(inherited) @executable_path/Frameworks";
				PRODUCT_BUNDLE_IDENTIFIER = com.appFish.quizzQ;
				PRODUCT_NAME = "$(TARGET_NAME)";
				SWIFT_OBJC_BRIDGING_HEADER = "quizzQ/quizzQ-Bridging-Header.h";
				SWIFT_VERSION = 4.0;
				TARGETED_DEVICE_FAMILY = "1,2";
			};
			name = Release;
		};
/* End XCBuildConfiguration section */

/* Begin XCConfigurationList section */
		AF5ACE491FED27B100CEB121 /* Build configuration list for PBXProject "quizzQ" */ = {
			isa = XCConfigurationList;
			buildConfigurations = (
				AF5ACE5E1FED27B100CEB121 /* Debug */,
				AF5ACE5F1FED27B100CEB121 /* Release */,
			);
			defaultConfigurationIsVisible = 0;
			defaultConfigurationName = Release;
		};
		AF5ACE601FED27B100CEB121 /* Build configuration list for PBXNativeTarget "quizzQ" */ = {
			isa = XCConfigurationList;
			buildConfigurations = (
				AF5ACE611FED27B100CEB121 /* Debug */,
				AF5ACE621FED27B100CEB121 /* Release */,
			);
			defaultConfigurationIsVisible = 0;
			defaultConfigurationName = Release;
		};
/* End XCConfigurationList section */
	};
	rootObject = AF5ACE461FED27B100CEB121 /* Project object */;
}
